
Microsoft Visual Studio Solution File, Format Version 12.00
# Visual Studio Version 17
VisualStudioVersion = 17.0.31903.59
MinimumVisualStudioVersion = 10.0.40219.1
Project("{FAE04EC0-301F-11D3-BF4B-00C04F79EFBC}") = "DriveScanner", "DriveScanner\DriveScanner.csproj", "{C379A69C-972A-4A9E-9CAE-EA19F08725CE}"
EndProject
Project("{FAE04EC0-301F-11D3-BF4B-00C04F79EFBC}") = "BackyBack", "BackyBack\BackyBack.csproj", "{2066CBCF-4769-46E6-ADAD-1672F4455FF6}"
EndProject
Global
	GlobalSection(SolutionConfigurationPlatforms) = preSolution
		Debug|Any CPU = Debug|Any CPU
		Release|Any CPU = Release|Any CPU
	EndGlobalSection
	GlobalSection(SolutionProperties) = preSolution
		HideSolutionNode = FALSE
	EndGlobalSection
	GlobalSection(ProjectConfigurationPlatforms) = postSolution
		{C379A69C-972A-4A9E-9CAE-EA19F08725CE}.Debug|Any CPU.ActiveCfg = Debug|Any CPU
		{C379A69C-972A-4A9E-9CAE-EA19F08725CE}.Debug|Any CPU.Build.0 = Debug|Any CPU
		{C379A69C-972A-4A9E-9CAE-EA19F08725CE}.Release|Any CPU.ActiveCfg = Release|Any CPU
		{C379A69C-972A-4A9E-9CAE-EA19F08725CE}.Release|Any CPU.Build.0 = Release|Any CPU
		{2066CBCF-4769-46E6-ADAD-1672F4455FF6}.Debug|Any CPU.ActiveCfg = Debug|Any CPU
		{2066CBCF-4769-46E6-ADAD-1672F4455FF6}.Debug|Any CPU.Build.0 = Debug|Any CPU
		{2066CBCF-4769-46E6-ADAD-1672F4455FF6}.Release|Any CPU.ActiveCfg = Release|Any CPU
		{2066CBCF-4769-46E6-ADAD-1672F4455FF6}.Release|Any CPU.Build.0 = Release|Any CPU
	EndGlobalSection
EndGlobal
